
Microsoft Visual Studio Solution File, Format Version 12.00
# Visual Studio 2013
VisualStudioVersion = 12.0.21005.1
MinimumVisualStudioVersion = 10.0.40219.1
Project("{F2A71F9B-5D33-465A-A702-920D77279786}") = "Baduk", "Baduk\Baduk.fsproj", "{767C840F-E371-4FCA-8AC1-8615C0906D8C}"
EndProject
Project("{F2A71F9B-5D33-465A-A702-920D77279786}") = "Baduk.Test", "Baduk.Test\Baduk.Test.fsproj", "{CF7403D9-E951-4A5C-B728-F5F9D2EF8CF2}"
EndProject
Global
	GlobalSection(SolutionConfigurationPlatforms) = preSolution
		Debug|Any CPU = Debug|Any CPU
		Release|Any CPU = Release|Any CPU
	EndGlobalSection
	GlobalSection(ProjectConfigurationPlatforms) = postSolution
		{767C840F-E371-4FCA-8AC1-8615C0906D8C}.Debug|Any CPU.ActiveCfg = Debug|Any CPU
		{767C840F-E371-4FCA-8AC1-8615C0906D8C}.Debug|Any CPU.Build.0 = Debug|Any CPU
		{767C840F-E371-4FCA-8AC1-8615C0906D8C}.Release|Any CPU.ActiveCfg = Release|Any CPU
		{767C840F-E371-4FCA-8AC1-8615C0906D8C}.Release|Any CPU.Build.0 = Release|Any CPU
		{CF7403D9-E951-4A5C-B728-F5F9D2EF8CF2}.Debug|Any CPU.ActiveCfg = Debug|Any CPU
		{CF7403D9-E951-4A5C-B728-F5F9D2EF8CF2}.Debug|Any CPU.Build.0 = Debug|Any CPU
		{CF7403D9-E951-4A5C-B728-F5F9D2EF8CF2}.Release|Any CPU.ActiveCfg = Release|Any CPU
		{CF7403D9-E951-4A5C-B728-F5F9D2EF8CF2}.Release|Any CPU.Build.0 = Release|Any CPU
	EndGlobalSection
	GlobalSection(SolutionProperties) = preSolution
		HideSolutionNode = FALSE
	EndGlobalSection
EndGlobal
